// !$*UTF8*$!
{
	archiveVersion = 1;
	classes = {
	};
	objectVersion = 50;
	objects = {

/* Begin PBXBuildFile section */
		AB64E448268BA6E2009CA9CE /* GridWordsApp.swift in Sources */ = {isa = PBXBuildFile; fileRef = AB64E447268BA6E2009CA9CE /* GridWordsApp.swift */; };
		AB64E44C268BA6E5009CA9CE /* Assets.xcassets in Resources */ = {isa = PBXBuildFile; fileRef = AB64E44B268BA6E5009CA9CE /* Assets.xcassets */; };
		AB64E44F268BA6E5009CA9CE /* Preview Assets.xcassets in Resources */ = {isa = PBXBuildFile; fileRef = AB64E44E268BA6E5009CA9CE /* Preview Assets.xcassets */; };
		AB64E451268BA6E5009CA9CE /* Persistence.swift in Sources */ = {isa = PBXBuildFile; fileRef = AB64E450268BA6E5009CA9CE /* Persistence.swift */; };
		AB64E454268BA6E5009CA9CE /* GridWords.xcdatamodeld in Sources */ = {isa = PBXBuildFile; fileRef = AB64E452268BA6E5009CA9CE /* GridWords.xcdatamodeld */; };
		AB64E45F268BA6E5009CA9CE /* GridWordsTests.swift in Sources */ = {isa = PBXBuildFile; fileRef = AB64E45E268BA6E5009CA9CE /* GridWordsTests.swift */; };
		AB64E46A268BA6E5009CA9CE /* GridWordsUITests.swift in Sources */ = {isa = PBXBuildFile; fileRef = AB64E469268BA6E5009CA9CE /* GridWordsUITests.swift */; };
		AB64E48C268BA742009CA9CE /* GridViewModel.swift in Sources */ = {isa = PBXBuildFile; fileRef = AB64E48B268BA742009CA9CE /* GridViewModel.swift */; };
		AB64E491268BA756009CA9CE /* GridView.swift in Sources */ = {isa = PBXBuildFile; fileRef = AB64E490268BA756009CA9CE /* GridView.swift */; };
		AB64E496268BA76C009CA9CE /* LetterInputView.swift in Sources */ = {isa = PBXBuildFile; fileRef = AB64E495268BA76C009CA9CE /* LetterInputView.swift */; };
		AB64E49B268BA781009CA9CE /* Box.swift in Sources */ = {isa = PBXBuildFile; fileRef = AB64E49A268BA781009CA9CE /* Box.swift */; };
		AB64E4A0268BA794009CA9CE /* GridWords.swift in Sources */ = {isa = PBXBuildFile; fileRef = AB64E49F268BA794009CA9CE /* GridWords.swift */; };
		AB64E4A5268BA8CD009CA9CE /* .gitignore in Resources */ = {isa = PBXBuildFile; fileRef = AB64E4A4268BA8CD009CA9CE /* .gitignore */; };
/* End PBXBuildFile section */

/* Begin PBXContainerItemProxy section */
		AB64E45B268BA6E5009CA9CE /* PBXContainerItemProxy */ = {
			isa = PBXContainerItemProxy;
			containerPortal = AB64E43C268BA6E1009CA9CE /* Project object */;
			proxyType = 1;
			remoteGlobalIDString = AB64E443268BA6E1009CA9CE;
			remoteInfo = GridWords;
		};
		AB64E466268BA6E5009CA9CE /* PBXContainerItemProxy */ = {
			isa = PBXContainerItemProxy;
			containerPortal = AB64E43C268BA6E1009CA9CE /* Project object */;
			proxyType = 1;
			remoteGlobalIDString = AB64E443268BA6E1009CA9CE;
			remoteInfo = GridWords;
		};
/* End PBXContainerItemProxy section */

/* Begin PBXFileReference section */
		AB64E444268BA6E2009CA9CE /* GridWords.app */ = {isa = PBXFileReference; explicitFileType = wrapper.application; includeInIndex = 0; path = GridWords.app; sourceTree = BUILT_PRODUCTS_DIR; };
		AB64E447268BA6E2009CA9CE /* GridWordsApp.swift */ = {isa = PBXFileReference; lastKnownFileType = sourcecode.swift; path = GridWordsApp.swift; sourceTree = "<group>"; };
		AB64E44B268BA6E5009CA9CE /* Assets.xcassets */ = {isa = PBXFileReference; lastKnownFileType = folder.assetcatalog; path = Assets.xcassets; sourceTree = "<group>"; };
		AB64E44E268BA6E5009CA9CE /* Preview Assets.xcassets */ = {isa = PBXFileReference; lastKnownFileType = folder.assetcatalog; path = "Preview Assets.xcassets"; sourceTree = "<group>"; };
		AB64E450268BA6E5009CA9CE /* Persistence.swift */ = {isa = PBXFileReference; lastKnownFileType = sourcecode.swift; path = Persistence.swift; sourceTree = "<group>"; };
		AB64E453268BA6E5009CA9CE /* GridWords.xcdatamodel */ = {isa = PBXFileReference; lastKnownFileType = wrapper.xcdatamodel; path = GridWords.xcdatamodel; sourceTree = "<group>"; };
		AB64E455268BA6E5009CA9CE /* Info.plist */ = {isa = PBXFileReference; lastKnownFileType = text.plist.xml; path = Info.plist; sourceTree = "<group>"; };
		AB64E45A268BA6E5009CA9CE /* GridWordsTests.xctest */ = {isa = PBXFileReference; explicitFileType = wrapper.cfbundle; includeInIndex = 0; path = GridWordsTests.xctest; sourceTree = BUILT_PRODUCTS_DIR; };
		AB64E45E268BA6E5009CA9CE /* GridWordsTests.swift */ = {isa = PBXFileReference; lastKnownFileType = sourcecode.swift; path = GridWordsTests.swift; sourceTree = "<group>"; };
		AB64E460268BA6E5009CA9CE /* Info.plist */ = {isa = PBXFileReference; lastKnownFileType = text.plist.xml; path = Info.plist; sourceTree = "<group>"; };
		AB64E465268BA6E5009CA9CE /* GridWordsUITests.xctest */ = {isa = PBXFileReference; explicitFileType = wrapper.cfbundle; includeInIndex = 0; path = GridWordsUITests.xctest; sourceTree = BUILT_PRODUCTS_DIR; };
		AB64E469268BA6E5009CA9CE /* GridWordsUITests.swift */ = {isa = PBXFileReference; lastKnownFileType = sourcecode.swift; path = GridWordsUITests.swift; sourceTree = "<group>"; };
		AB64E46B268BA6E5009CA9CE /* Info.plist */ = {isa = PBXFileReference; lastKnownFileType = text.plist.xml; path = Info.plist; sourceTree = "<group>"; };
		AB64E48B268BA742009CA9CE /* GridViewModel.swift */ = {isa = PBXFileReference; lastKnownFileType = sourcecode.swift; path = GridViewModel.swift; sourceTree = "<group>"; };
		AB64E490268BA756009CA9CE /* GridView.swift */ = {isa = PBXFileReference; lastKnownFileType = sourcecode.swift; path = GridView.swift; sourceTree = "<group>"; };
		AB64E495268BA76C009CA9CE /* LetterInputView.swift */ = {isa = PBXFileReference; lastKnownFileType = sourcecode.swift; path = LetterInputView.swift; sourceTree = "<group>"; };
		AB64E49A268BA781009CA9CE /* Box.swift */ = {isa = PBXFileReference; lastKnownFileType = sourcecode.swift; path = Box.swift; sourceTree = "<group>"; };
		AB64E49F268BA794009CA9CE /* GridWords.swift */ = {isa = PBXFileReference; lastKnownFileType = sourcecode.swift; path = GridWords.swift; sourceTree = "<group>"; };
		AB64E4A4268BA8CD009CA9CE /* .gitignore */ = {isa = PBXFileReference; lastKnownFileType = text; path = .gitignore; sourceTree = "<group>"; };
		AB64E4A9268BA95E009CA9CE /* README.md */ = {isa = PBXFileReference; lastKnownFileType = net.daringfireball.markdown; path = README.md; sourceTree = "<group>"; };
/* End PBXFileReference section */

/* Begin PBXFrameworksBuildPhase section */
		AB64E441268BA6E1009CA9CE /* Frameworks */ = {
			isa = PBXFrameworksBuildPhase;
			buildActionMask = 2147483647;
			files = (
			);
			runOnlyForDeploymentPostprocessing = 0;
		};
		AB64E457268BA6E5009CA9CE /* Frameworks */ = {
			isa = PBXFrameworksBuildPhase;
			buildActionMask = 2147483647;
			files = (
			);
			runOnlyForDeploymentPostprocessing = 0;
		};
		AB64E462268BA6E5009CA9CE /* Frameworks */ = {
			isa = PBXFrameworksBuildPhase;
			buildActionMask = 2147483647;
			files = (
			);
			runOnlyForDeploymentPostprocessing = 0;
		};
/* End PBXFrameworksBuildPhase section */

/* Begin PBXGroup section */
		AB64E43B268BA6E1009CA9CE = {
			isa = PBXGroup;
			children = (
				AB64E4A9268BA95E009CA9CE /* README.md */,
				AB64E4A4268BA8CD009CA9CE /* .gitignore */,
				AB64E446268BA6E2009CA9CE /* GridWords */,
				AB64E45D268BA6E5009CA9CE /* GridWordsTests */,
				AB64E468268BA6E5009CA9CE /* GridWordsUITests */,
				AB64E445268BA6E2009CA9CE /* Products */,
			);
			sourceTree = "<group>";
		};
		AB64E445268BA6E2009CA9CE /* Products */ = {
			isa = PBXGroup;
			children = (
				AB64E444268BA6E2009CA9CE /* GridWords.app */,
				AB64E45A268BA6E5009CA9CE /* GridWordsTests.xctest */,
				AB64E465268BA6E5009CA9CE /* GridWordsUITests.xctest */,
			);
			name = Products;
			sourceTree = "<group>";
		};
		AB64E446268BA6E2009CA9CE /* GridWords */ = {
			isa = PBXGroup;
			children = (
				AB64E47F268BA721009CA9CE /* ViewModels */,
				AB64E47E268BA71D009CA9CE /* Views */,
				AB64E47D268BA716009CA9CE /* Models */,
				AB64E447268BA6E2009CA9CE /* GridWordsApp.swift */,
				AB64E44B268BA6E5009CA9CE /* Assets.xcassets */,
				AB64E450268BA6E5009CA9CE /* Persistence.swift */,
				AB64E455268BA6E5009CA9CE /* Info.plist */,
				AB64E452268BA6E5009CA9CE /* GridWords.xcdatamodeld */,
				AB64E44D268BA6E5009CA9CE /* Preview Content */,
			);
			path = GridWords;
			sourceTree = "<group>";
		};
		AB64E44D268BA6E5009CA9CE /* Preview Content */ = {
			isa = PBXGroup;
			children = (
				AB64E44E268BA6E5009CA9CE /* Preview Assets.xcassets */,
			);
			path = "Preview Content";
			sourceTree = "<group>";
		};
		AB64E45D268BA6E5009CA9CE /* GridWordsTests */ = {
			isa = PBXGroup;
			children = (
				AB64E45E268BA6E5009CA9CE /* GridWordsTests.swift */,
				AB64E460268BA6E5009CA9CE /* Info.plist */,
			);
			path = GridWordsTests;
			sourceTree = "<group>";
		};
		AB64E468268BA6E5009CA9CE /* GridWordsUITests */ = {
			isa = PBXGroup;
			children = (
				AB64E469268BA6E5009CA9CE /* GridWordsUITests.swift */,
				AB64E46B268BA6E5009CA9CE /* Info.plist */,
			);
			path = GridWordsUITests;
			sourceTree = "<group>";
		};
		AB64E47D268BA716009CA9CE /* Models */ = {
			isa = PBXGroup;
			children = (
				AB64E49A268BA781009CA9CE /* Box.swift */,
				AB64E49F268BA794009CA9CE /* GridWords.swift */,
			);
			path = Models;
			sourceTree = "<group>";
		};
		AB64E47E268BA71D009CA9CE /* Views */ = {
			isa = PBXGroup;
			children = (
				AB64E490268BA756009CA9CE /* GridView.swift */,
				AB64E495268BA76C009CA9CE /* LetterInputView.swift */,
			);
			path = Views;
			sourceTree = "<group>";
		};
		AB64E47F268BA721009CA9CE /* ViewModels */ = {
			isa = PBXGroup;
			children = (
				AB64E48B268BA742009CA9CE /* GridViewModel.swift */,
			);
			path = ViewModels;
			sourceTree = "<group>";
		};
/* End PBXGroup section */

/* Begin PBXNativeTarget section */
		AB64E443268BA6E1009CA9CE /* GridWords */ = {
			isa = PBXNativeTarget;
			buildConfigurationList = AB64E46E268BA6E5009CA9CE /* Build configuration list for PBXNativeTarget "GridWords" */;
			buildPhases = (
				AB64E440268BA6E1009CA9CE /* Sources */,
				AB64E441268BA6E1009CA9CE /* Frameworks */,
				AB64E442268BA6E1009CA9CE /* Resources */,
			);
			buildRules = (
			);
			dependencies = (
			);
			name = GridWords;
			productName = GridWords;
			productReference = AB64E444268BA6E2009CA9CE /* GridWords.app */;
			productType = "com.apple.product-type.application";
		};
		AB64E459268BA6E5009CA9CE /* GridWordsTests */ = {
			isa = PBXNativeTarget;
			buildConfigurationList = AB64E471268BA6E5009CA9CE /* Build configuration list for PBXNativeTarget "GridWordsTests" */;
			buildPhases = (
				AB64E456268BA6E5009CA9CE /* Sources */,
				AB64E457268BA6E5009CA9CE /* Frameworks */,
				AB64E458268BA6E5009CA9CE /* Resources */,
			);
			buildRules = (
			);
			dependencies = (
				AB64E45C268BA6E5009CA9CE /* PBXTargetDependency */,
			);
			name = GridWordsTests;
			productName = GridWordsTests;
			productReference = AB64E45A268BA6E5009CA9CE /* GridWordsTests.xctest */;
			productType = "com.apple.product-type.bundle.unit-test";
		};
		AB64E464268BA6E5009CA9CE /* GridWordsUITests */ = {
			isa = PBXNativeTarget;
			buildConfigurationList = AB64E474268BA6E5009CA9CE /* Build configuration list for PBXNativeTarget "GridWordsUITests" */;
			buildPhases = (
				AB64E461268BA6E5009CA9CE /* Sources */,
				AB64E462268BA6E5009CA9CE /* Frameworks */,
				AB64E463268BA6E5009CA9CE /* Resources */,
			);
			buildRules = (
			);
			dependencies = (
				AB64E467268BA6E5009CA9CE /* PBXTargetDependency */,
			);
			name = GridWordsUITests;
			productName = GridWordsUITests;
			productReference = AB64E465268BA6E5009CA9CE /* GridWordsUITests.xctest */;
			productType = "com.apple.product-type.bundle.ui-testing";
		};
/* End PBXNativeTarget section */

/* Begin PBXProject section */
		AB64E43C268BA6E1009CA9CE /* Project object */ = {
			isa = PBXProject;
			attributes = {
				LastSwiftUpdateCheck = 1230;
				LastUpgradeCheck = 1230;
				TargetAttributes = {
					AB64E443268BA6E1009CA9CE = {
						CreatedOnToolsVersion = 12.3;
					};
					AB64E459268BA6E5009CA9CE = {
						CreatedOnToolsVersion = 12.3;
						TestTargetID = AB64E443268BA6E1009CA9CE;
					};
					AB64E464268BA6E5009CA9CE = {
						CreatedOnToolsVersion = 12.3;
						TestTargetID = AB64E443268BA6E1009CA9CE;
					};
				};
			};
			buildConfigurationList = AB64E43F268BA6E1009CA9CE /* Build configuration list for PBXProject "GridWords" */;
			compatibilityVersion = "Xcode 9.3";
			developmentRegion = en;
			hasScannedForEncodings = 0;
			knownRegions = (
				en,
				Base,
			);
			mainGroup = AB64E43B268BA6E1009CA9CE;
			productRefGroup = AB64E445268BA6E2009CA9CE /* Products */;
			projectDirPath = "";
			projectRoot = "";
			targets = (
				AB64E443268BA6E1009CA9CE /* GridWords */,
				AB64E459268BA6E5009CA9CE /* GridWordsTests */,
				AB64E464268BA6E5009CA9CE /* GridWordsUITests */,
			);
		};
/* End PBXProject section */

/* Begin PBXResourcesBuildPhase section */
		AB64E442268BA6E1009CA9CE /* Resources */ = {
			isa = PBXResourcesBuildPhase;
			buildActionMask = 2147483647;
			files = (
				AB64E44F268BA6E5009CA9CE /* Preview Assets.xcassets in Resources */,
				AB64E4A5268BA8CD009CA9CE /* .gitignore in Resources */,
				AB64E44C268BA6E5009CA9CE /* Assets.xcassets in Resources */,
			);
			runOnlyForDeploymentPostprocessing = 0;
		};
		AB64E458268BA6E5009CA9CE /* Resources */ = {
			isa = PBXResourcesBuildPhase;
			buildActionMask = 2147483647;
			files = (
			);
			runOnlyForDeploymentPostprocessing = 0;
		};
		AB64E463268BA6E5009CA9CE /* Resources */ = {
			isa = PBXResourcesBuildPhase;
			buildActionMask = 2147483647;
			files = (
			);
			runOnlyForDeploymentPostprocessing = 0;
		};
/* End PBXResourcesBuildPhase section */

/* Begin PBXSourcesBuildPhase section */
		AB64E440268BA6E1009CA9CE /* Sources */ = {
			isa = PBXSourcesBuildPhase;
			buildActionMask = 2147483647;
			files = (
				AB64E48C268BA742009CA9CE /* GridViewModel.swift in Sources */,
				AB64E49B268BA781009CA9CE /* Box.swift in Sources */,
				AB64E451268BA6E5009CA9CE /* Persistence.swift in Sources */,
				AB64E448268BA6E2009CA9CE /* GridWordsApp.swift in Sources */,
				AB64E496268BA76C009CA9CE /* LetterInputView.swift in Sources */,
				AB64E491268BA756009CA9CE /* GridView.swift in Sources */,
				AB64E454268BA6E5009CA9CE /* GridWords.xcdatamodeld in Sources */,
				AB64E4A0268BA794009CA9CE /* GridWords.swift in Sources */,
			);
			runOnlyForDeploymentPostprocessing = 0;
		};
		AB64E456268BA6E5009CA9CE /* Sources */ = {
			isa = PBXSourcesBuildPhase;
			buildActionMask = 2147483647;
			files = (
				AB64E45F268BA6E5009CA9CE /* GridWordsTests.swift in Sources */,
			);
			runOnlyForDeploymentPostprocessing = 0;
		};
		AB64E461268BA6E5009CA9CE /* Sources */ = {
			isa = PBXSourcesBuildPhase;
			buildActionMask = 2147483647;
			files = (
				AB64E46A268BA6E5009CA9CE /* GridWordsUITests.swift in Sources */,
			);
			runOnlyForDeploymentPostprocessing = 0;
		};
/* End PBXSourcesBuildPhase section */

/* Begin PBXTargetDependency section */
		AB64E45C268BA6E5009CA9CE /* PBXTargetDependency */ = {
			isa = PBXTargetDependency;
			target = AB64E443268BA6E1009CA9CE /* GridWords */;
			targetProxy = AB64E45B268BA6E5009CA9CE /* PBXContainerItemProxy */;
		};
		AB64E467268BA6E5009CA9CE /* PBXTargetDependency */ = {
			isa = PBXTargetDependency;
			target = AB64E443268BA6E1009CA9CE /* GridWords */;
			targetProxy = AB64E466268BA6E5009CA9CE /* PBXContainerItemProxy */;
		};
/* End PBXTargetDependency section */

/* Begin XCBuildConfiguration section */
		AB64E46C268BA6E5009CA9CE /* Debug */ = {
			isa = XCBuildConfiguration;
			buildSettings = {
				ALWAYS_SEARCH_USER_PATHS = NO;
				CLANG_ANALYZER_NONNULL = YES;
				CLANG_ANALYZER_NUMBER_OBJECT_CONVERSION = YES_AGGRESSIVE;
				CLANG_CXX_LANGUAGE_STANDARD = "gnu++14";
				CLANG_CXX_LIBRARY = "libc++";
				CLANG_ENABLE_MODULES = YES;
				CLANG_ENABLE_OBJC_ARC = YES;
				CLANG_ENABLE_OBJC_WEAK = YES;
				CLANG_WARN_BLOCK_CAPTURE_AUTORELEASING = YES;
				CLANG_WARN_BOOL_CONVERSION = YES;
				CLANG_WARN_COMMA = YES;
				CLANG_WARN_CONSTANT_CONVERSION = YES;
				CLANG_WARN_DEPRECATED_OBJC_IMPLEMENTATIONS = YES;
				CLANG_WARN_DIRECT_OBJC_ISA_USAGE = YES_ERROR;
				CLANG_WARN_DOCUMENTATION_COMMENTS = YES;
				CLANG_WARN_EMPTY_BODY = YES;
				CLANG_WARN_ENUM_CONVERSION = YES;
				CLANG_WARN_INFINITE_RECURSION = YES;
				CLANG_WARN_INT_CONVERSION = YES;
				CLANG_WARN_NON_LITERAL_NULL_CONVERSION = YES;
				CLANG_WARN_OBJC_IMPLICIT_RETAIN_SELF = YES;
				CLANG_WARN_OBJC_LITERAL_CONVERSION = YES;
				CLANG_WARN_OBJC_ROOT_CLASS = YES_ERROR;
				CLANG_WARN_QUOTED_INCLUDE_IN_FRAMEWORK_HEADER = YES;
				CLANG_WARN_RANGE_LOOP_ANALYSIS = YES;
				CLANG_WARN_STRICT_PROTOTYPES = YES;
				CLANG_WARN_SUSPICIOUS_MOVE = YES;
				CLANG_WARN_UNGUARDED_AVAILABILITY = YES_AGGRESSIVE;
				CLANG_WARN_UNREACHABLE_CODE = YES;
				CLANG_WARN__DUPLICATE_METHOD_MATCH = YES;
				COPY_PHASE_STRIP = NO;
				DEBUG_INFORMATION_FORMAT = dwarf;
				ENABLE_STRICT_OBJC_MSGSEND = YES;
				ENABLE_TESTABILITY = YES;
				GCC_C_LANGUAGE_STANDARD = gnu11;
				GCC_DYNAMIC_NO_PIC = NO;
				GCC_NO_COMMON_BLOCKS = YES;
				GCC_OPTIMIZATION_LEVEL = 0;
				GCC_PREPROCESSOR_DEFINITIONS = (
					"DEBUG=1",
					"$(inherited)",
				);
				GCC_WARN_64_TO_32_BIT_CONVERSION = YES;
				GCC_WARN_ABOUT_RETURN_TYPE = YES_ERROR;
				GCC_WARN_UNDECLARED_SELECTOR = YES;
				GCC_WARN_UNINITIALIZED_AUTOS = YES_AGGRESSIVE;
				GCC_WARN_UNUSED_FUNCTION = YES;
				GCC_WARN_UNUSED_VARIABLE = YES;
				IPHONEOS_DEPLOYMENT_TARGET = 14.3;
				MTL_ENABLE_DEBUG_INFO = INCLUDE_SOURCE;
				MTL_FAST_MATH = YES;
				ONLY_ACTIVE_ARCH = YES;
				SDKROOT = iphoneos;
				SWIFT_ACTIVE_COMPILATION_CONDITIONS = DEBUG;
				SWIFT_OPTIMIZATION_LEVEL = "-Onone";
			};
			name = Debug;
		};
		AB64E46D268BA6E5009CA9CE /* Release */ = {
			isa = XCBuildConfiguration;
			buildSettings = {
				ALWAYS_SEARCH_USER_PATHS = NO;
				CLANG_ANALYZER_NONNULL = YES;
				CLANG_ANALYZER_NUMBER_OBJECT_CONVERSION = YES_AGGRESSIVE;
				CLANG_CXX_LANGUAGE_STANDARD = "gnu++14";
				CLANG_CXX_LIBRARY = "libc++";
				CLANG_ENABLE_MODULES = YES;
				CLANG_ENABLE_OBJC_ARC = YES;
				CLANG_ENABLE_OBJC_WEAK = YES;
				CLANG_WARN_BLOCK_CAPTURE_AUTORELEASING = YES;
				CLANG_WARN_BOOL_CONVERSION = YES;
				CLANG_WARN_COMMA = YES;
				CLANG_WARN_CONSTANT_CONVERSION = YES;
				CLANG_WARN_DEPRECATED_OBJC_IMPLEMENTATIONS = YES;
				CLANG_WARN_DIRECT_OBJC_ISA_USAGE = YES_ERROR;
				CLANG_WARN_DOCUMENTATION_COMMENTS = YES;
				CLANG_WARN_EMPTY_BODY = YES;
				CLANG_WARN_ENUM_CONVERSION = YES;
				CLANG_WARN_INFINITE_RECURSION = YES;
				CLANG_WARN_INT_CONVERSION = YES;
				CLANG_WARN_NON_LITERAL_NULL_CONVERSION = YES;
				CLANG_WARN_OBJC_IMPLICIT_RETAIN_SELF = YES;
				CLANG_WARN_OBJC_LITERAL_CONVERSION = YES;
				CLANG_WARN_OBJC_ROOT_CLASS = YES_ERROR;
				CLANG_WARN_QUOTED_INCLUDE_IN_FRAMEWORK_HEADER = YES;
				CLANG_WARN_RANGE_LOOP_ANALYSIS = YES;
				CLANG_WARN_STRICT_PROTOTYPES = YES;
				CLANG_WARN_SUSPICIOUS_MOVE = YES;
				CLANG_WARN_UNGUARDED_AVAILABILITY = YES_AGGRESSIVE;
				CLANG_WARN_UNREACHABLE_CODE = YES;
				CLANG_WARN__DUPLICATE_METHOD_MATCH = YES;
				COPY_PHASE_STRIP = NO;
				DEBUG_INFORMATION_FORMAT = "dwarf-with-dsym";
				ENABLE_NS_ASSERTIONS = NO;
				ENABLE_STRICT_OBJC_MSGSEND = YES;
				GCC_C_LANGUAGE_STANDARD = gnu11;
				GCC_NO_COMMON_BLOCKS = YES;
				GCC_WARN_64_TO_32_BIT_CONVERSION = YES;
				GCC_WARN_ABOUT_RETURN_TYPE = YES_ERROR;
				GCC_WARN_UNDECLARED_SELECTOR = YES;
				GCC_WARN_UNINITIALIZED_AUTOS = YES_AGGRESSIVE;
				GCC_WARN_UNUSED_FUNCTION = YES;
				GCC_WARN_UNUSED_VARIABLE = YES;
				IPHONEOS_DEPLOYMENT_TARGET = 14.3;
				MTL_ENABLE_DEBUG_INFO = NO;
				MTL_FAST_MATH = YES;
				SDKROOT = iphoneos;
				SWIFT_COMPILATION_MODE = wholemodule;
				SWIFT_OPTIMIZATION_LEVEL = "-O";
				VALIDATE_PRODUCT = YES;
			};
			name = Release;
		};
		AB64E46F268BA6E5009CA9CE /* Debug */ = {
			isa = XCBuildConfiguration;
			buildSettings = {
				ASSETCATALOG_COMPILER_APPICON_NAME = AppIcon;
				ASSETCATALOG_COMPILER_GLOBAL_ACCENT_COLOR_NAME = AccentColor;
				CODE_SIGN_STYLE = Automatic;
				DEVELOPMENT_ASSET_PATHS = "\"GridWords/Preview Content\"";
				DEVELOPMENT_TEAM = 9DV634V8DP;
				ENABLE_PREVIEWS = YES;
				INFOPLIST_FILE = GridWords/Info.plist;
				IPHONEOS_DEPLOYMENT_TARGET = 14.0;
				LD_RUNPATH_SEARCH_PATHS = (
					"$(inherited)",
					"@executable_path/Frameworks",
				);
				PRODUCT_BUNDLE_IDENTIFIER = com.sufigaffar.GridWords;
				PRODUCT_NAME = "$(TARGET_NAME)";
				SWIFT_VERSION = 5.0;
				TARGETED_DEVICE_FAMILY = "1,2";
			};
			name = Debug;
		};
		AB64E470268BA6E5009CA9CE /* Release */ = {
			isa = XCBuildConfiguration;
			buildSettings = {
				ASSETCATALOG_COMPILER_APPICON_NAME = AppIcon;
				ASSETCATALOG_COMPILER_GLOBAL_ACCENT_COLOR_NAME = AccentColor;
				CODE_SIGN_STYLE = Automatic;
				DEVELOPMENT_ASSET_PATHS = "\"GridWords/Preview Content\"";
				DEVELOPMENT_TEAM = 9DV634V8DP;
				ENABLE_PREVIEWS = YES;
				INFOPLIST_FILE = GridWords/Info.plist;
				IPHONEOS_DEPLOYMENT_TARGET = 14.0;
				LD_RUNPATH_SEARCH_PATHS = (
					"$(inherited)",
					"@executable_path/Frameworks",
				);
				PRODUCT_BUNDLE_IDENTIFIER = com.sufigaffar.GridWords;
				PRODUCT_NAME = "$(TARGET_NAME)";
				SWIFT_VERSION = 5.0;
				TARGETED_DEVICE_FAMILY = "1,2";
			};
			name = Release;
		};
		AB64E472268BA6E5009CA9CE /* Debug */ = {
			isa = XCBuildConfiguration;
			buildSettings = {
				ALWAYS_EMBED_SWIFT_STANDARD_LIBRARIES = YES;
				BUNDLE_LOADER = "$(TEST_HOST)";
				CODE_SIGN_STYLE = Automatic;
				DEVELOPMENT_TEAM = 9DV634V8DP;
				INFOPLIST_FILE = GridWordsTests/Info.plist;
				IPHONEOS_DEPLOYMENT_TARGET = 14.0;
				LD_RUNPATH_SEARCH_PATHS = (
					"$(inherited)",
					"@executable_path/Frameworks",
					"@loader_path/Frameworks",
				);
				PRODUCT_BUNDLE_IDENTIFIER = com.sufigaffar.GridWordsTests;
				PRODUCT_NAME = "$(TARGET_NAME)";
				SWIFT_VERSION = 5.0;
				TARGETED_DEVICE_FAMILY = "1,2";
				TEST_HOST = "$(BUILT_PRODUCTS_DIR)/GridWords.app/GridWords";
			};
			name = Debug;
		};
		AB64E473268BA6E5009CA9CE /* Release */ = {
			isa = XCBuildConfiguration;
			buildSettings = {
				ALWAYS_EMBED_SWIFT_STANDARD_LIBRARIES = YES;
				BUNDLE_LOADER = "$(TEST_HOST)";
				CODE_SIGN_STYLE = Automatic;
				DEVELOPMENT_TEAM = 9DV634V8DP;
				INFOPLIST_FILE = GridWordsTests/Info.plist;
				IPHONEOS_DEPLOYMENT_TARGET = 14.0;
				LD_RUNPATH_SEARCH_PATHS = (
					"$(inherited)",
					"@executable_path/Frameworks",
					"@loader_path/Frameworks",
				);
				PRODUCT_BUNDLE_IDENTIFIER = com.sufigaffar.GridWordsTests;
				PRODUCT_NAME = "$(TARGET_NAME)";
				SWIFT_VERSION = 5.0;
				TARGETED_DEVICE_FAMILY = "1,2";
				TEST_HOST = "$(BUILT_PRODUCTS_DIR)/GridWords.app/GridWords";
			};
			name = Release;
		};
		AB64E475268BA6E5009CA9CE /* Debug */ = {
			isa = XCBuildConfiguration;
			buildSettings = {
				ALWAYS_EMBED_SWIFT_STANDARD_LIBRARIES = YES;
				CODE_SIGN_STYLE = Automatic;
				DEVELOPMENT_TEAM = 9DV634V8DP;
				INFOPLIST_FILE = GridWordsUITests/Info.plist;
				LD_RUNPATH_SEARCH_PATHS = (
					"$(inherited)",
					"@executable_path/Frameworks",
					"@loader_path/Frameworks",
				);
				PRODUCT_BUNDLE_IDENTIFIER = com.sufigaffar.GridWordsUITests;
				PRODUCT_NAME = "$(TARGET_NAME)";
				SWIFT_VERSION = 5.0;
				TARGETED_DEVICE_FAMILY = "1,2";
				TEST_TARGET_NAME = GridWords;
			};
			name = Debug;
		};
		AB64E476268BA6E5009CA9CE /* Release */ = {
			isa = XCBuildConfiguration;
			buildSettings = {
				ALWAYS_EMBED_SWIFT_STANDARD_LIBRARIES = YES;
				CODE_SIGN_STYLE = Automatic;
				DEVELOPMENT_TEAM = 9DV634V8DP;
				INFOPLIST_FILE = GridWordsUITests/Info.plist;
				LD_RUNPATH_SEARCH_PATHS = (
					"$(inherited)",
					"@executable_path/Frameworks",
					"@loader_path/Frameworks",
				);
				PRODUCT_BUNDLE_IDENTIFIER = com.sufigaffar.GridWordsUITests;
				PRODUCT_NAME = "$(TARGET_NAME)";
				SWIFT_VERSION = 5.0;
				TARGETED_DEVICE_FAMILY = "1,2";
				TEST_TARGET_NAME = GridWords;
			};
			name = Release;
		};
/* End XCBuildConfiguration section */

/* Begin XCConfigurationList section */
		AB64E43F268BA6E1009CA9CE /* Build configuration list for PBXProject "GridWords" */ = {
			isa = XCConfigurationList;
			buildConfigurations = (
				AB64E46C268BA6E5009CA9CE /* Debug */,
				AB64E46D268BA6E5009CA9CE /* Release */,
			);
			defaultConfigurationIsVisible = 0;
			defaultConfigurationName = Release;
		};
		AB64E46E268BA6E5009CA9CE /* Build configuration list for PBXNativeTarget "GridWords" */ = {
			isa = XCConfigurationList;
			buildConfigurations = (
				AB64E46F268BA6E5009CA9CE /* Debug */,
				AB64E470268BA6E5009CA9CE /* Release */,
			);
			defaultConfigurationIsVisible = 0;
			defaultConfigurationName = Release;
		};
		AB64E471268BA6E5009CA9CE /* Build configuration list for PBXNativeTarget "GridWordsTests" */ = {
			isa = XCConfigurationList;
			buildConfigurations = (
				AB64E472268BA6E5009CA9CE /* Debug */,
				AB64E473268BA6E5009CA9CE /* Release */,
			);
			defaultConfigurationIsVisible = 0;
			defaultConfigurationName = Release;
		};
		AB64E474268BA6E5009CA9CE /* Build configuration list for PBXNativeTarget "GridWordsUITests" */ = {
			isa = XCConfigurationList;
			buildConfigurations = (
				AB64E475268BA6E5009CA9CE /* Debug */,
				AB64E476268BA6E5009CA9CE /* Release */,
			);
			defaultConfigurationIsVisible = 0;
			defaultConfigurationName = Release;
		};
/* End XCConfigurationList section */

/* Begin XCVersionGroup section */
		AB64E452268BA6E5009CA9CE /* GridWords.xcdatamodeld */ = {
			isa = XCVersionGroup;
			children = (
				AB64E453268BA6E5009CA9CE /* GridWords.xcdatamodel */,
			);
			currentVersion = AB64E453268BA6E5009CA9CE /* GridWords.xcdatamodel */;
			path = GridWords.xcdatamodeld;
			sourceTree = "<group>";
			versionGroupType = wrapper.xcdatamodel;
		};
/* End XCVersionGroup section */
	};
	rootObject = AB64E43C268BA6E1009CA9CE /* Project object */;
}
